// !$*UTF8*$!
{
	archiveVersion = 1;
	classes = {
	};
	objectVersion = 56;
	objects = {

/* Begin PBXBuildFile section */
		DA7974922B2319750020C3E5 /* api_testApp.swift in Sources */ = {isa = PBXBuildFile; fileRef = DA7974912B2319750020C3E5 /* api_testApp.swift */; };
		DA7974942B2319750020C3E5 /* ContentView.swift in Sources */ = {isa = PBXBuildFile; fileRef = DA7974932B2319750020C3E5 /* ContentView.swift */; };
		DA7974962B2319760020C3E5 /* Assets.xcassets in Resources */ = {isa = PBXBuildFile; fileRef = DA7974952B2319760020C3E5 /* Assets.xcassets */; };
		DA79749A2B2319760020C3E5 /* Preview Assets.xcassets in Resources */ = {isa = PBXBuildFile; fileRef = DA7974992B2319760020C3E5 /* Preview Assets.xcassets */; };
		DA7974A42B2319760020C3E5 /* api_testTests.swift in Sources */ = {isa = PBXBuildFile; fileRef = DA7974A32B2319760020C3E5 /* api_testTests.swift */; };
		DA7974AE2B2319760020C3E5 /* api_testUITests.swift in Sources */ = {isa = PBXBuildFile; fileRef = DA7974AD2B2319760020C3E5 /* api_testUITests.swift */; };
		DA7974B02B2319760020C3E5 /* api_testUITestsLaunchTests.swift in Sources */ = {isa = PBXBuildFile; fileRef = DA7974AF2B2319760020C3E5 /* api_testUITestsLaunchTests.swift */; };
		DA7974BD2B232F6C0020C3E5 /* note.swift in Sources */ = {isa = PBXBuildFile; fileRef = DA7974BC2B232F6C0020C3E5 /* note.swift */; };
/* End PBXBuildFile section */

/* Begin PBXContainerItemProxy section */
		DA7974A02B2319760020C3E5 /* PBXContainerItemProxy */ = {
			isa = PBXContainerItemProxy;
			containerPortal = DA7974862B2319750020C3E5 /* Project object */;
			proxyType = 1;
			remoteGlobalIDString = DA79748D2B2319750020C3E5;
			remoteInfo = api_test;
		};
		DA7974AA2B2319760020C3E5 /* PBXContainerItemProxy */ = {
			isa = PBXContainerItemProxy;
			containerPortal = DA7974862B2319750020C3E5 /* Project object */;
			proxyType = 1;
			remoteGlobalIDString = DA79748D2B2319750020C3E5;
			remoteInfo = api_test;
		};
/* End PBXContainerItemProxy section */

/* Begin PBXFileReference section */
		DA79748E2B2319750020C3E5 /* api_test.app */ = {isa = PBXFileReference; explicitFileType = wrapper.application; includeInIndex = 0; path = api_test.app; sourceTree = BUILT_PRODUCTS_DIR; };
		DA7974912B2319750020C3E5 /* api_testApp.swift */ = {isa = PBXFileReference; lastKnownFileType = sourcecode.swift; path = api_testApp.swift; sourceTree = "<group>"; };
		DA7974932B2319750020C3E5 /* ContentView.swift */ = {isa = PBXFileReference; lastKnownFileType = sourcecode.swift; path = ContentView.swift; sourceTree = "<group>"; };
		DA7974952B2319760020C3E5 /* Assets.xcassets */ = {isa = PBXFileReference; lastKnownFileType = folder.assetcatalog; path = Assets.xcassets; sourceTree = "<group>"; };
		DA7974972B2319760020C3E5 /* api_test.entitlements */ = {isa = PBXFileReference; lastKnownFileType = text.plist.entitlements; path = api_test.entitlements; sourceTree = "<group>"; };
		DA7974992B2319760020C3E5 /* Preview Assets.xcassets */ = {isa = PBXFileReference; lastKnownFileType = folder.assetcatalog; path = "Preview Assets.xcassets"; sourceTree = "<group>"; };
		DA79749F2B2319760020C3E5 /* api_testTests.xctest */ = {isa = PBXFileReference; explicitFileType = wrapper.cfbundle; includeInIndex = 0; path = api_testTests.xctest; sourceTree = BUILT_PRODUCTS_DIR; };
		DA7974A32B2319760020C3E5 /* api_testTests.swift */ = {isa = PBXFileReference; lastKnownFileType = sourcecode.swift; path = api_testTests.swift; sourceTree = "<group>"; };
		DA7974A92B2319760020C3E5 /* api_testUITests.xctest */ = {isa = PBXFileReference; explicitFileType = wrapper.cfbundle; includeInIndex = 0; path = api_testUITests.xctest; sourceTree = BUILT_PRODUCTS_DIR; };
		DA7974AD2B2319760020C3E5 /* api_testUITests.swift */ = {isa = PBXFileReference; lastKnownFileType = sourcecode.swift; path = api_testUITests.swift; sourceTree = "<group>"; };
		DA7974AF2B2319760020C3E5 /* api_testUITestsLaunchTests.swift */ = {isa = PBXFileReference; lastKnownFileType = sourcecode.swift; path = api_testUITestsLaunchTests.swift; sourceTree = "<group>"; };
		DA7974BC2B232F6C0020C3E5 /* note.swift */ = {isa = PBXFileReference; lastKnownFileType = sourcecode.swift; path = note.swift; sourceTree = "<group>"; };
/* End PBXFileReference section */

/* Begin PBXFrameworksBuildPhase section */
		DA79748B2B2319750020C3E5 /* Frameworks */ = {
			isa = PBXFrameworksBuildPhase;
			buildActionMask = 2147483647;
			files = (
			);
			runOnlyForDeploymentPostprocessing = 0;
		};
		DA79749C2B2319760020C3E5 /* Frameworks */ = {
			isa = PBXFrameworksBuildPhase;
			buildActionMask = 2147483647;
			files = (
			);
			runOnlyForDeploymentPostprocessing = 0;
		};
		DA7974A62B2319760020C3E5 /* Frameworks */ = {
			isa = PBXFrameworksBuildPhase;
			buildActionMask = 2147483647;
			files = (
			);
			runOnlyForDeploymentPostprocessing = 0;
		};
/* End PBXFrameworksBuildPhase section */

/* Begin PBXGroup section */
		DA7974852B2319750020C3E5 = {
			isa = PBXGroup;
			children = (
				DA7974912B2319750020C3E5 /* api_testApp.swift */,
				DA7974902B2319750020C3E5 /* api_test */,
				DA7974A22B2319760020C3E5 /* api_testTests */,
				DA7974AC2B2319760020C3E5 /* api_testUITests */,
				DA79748F2B2319750020C3E5 /* Products */,
			);
			sourceTree = "<group>";
		};
		DA79748F2B2319750020C3E5 /* Products */ = {
			isa = PBXGroup;
			children = (
				DA79748E2B2319750020C3E5 /* api_test.app */,
				DA79749F2B2319760020C3E5 /* api_testTests.xctest */,
				DA7974A92B2319760020C3E5 /* api_testUITests.xctest */,
			);
			name = Products;
			sourceTree = "<group>";
		};
		DA7974902B2319750020C3E5 /* api_test */ = {
			isa = PBXGroup;
			children = (
				DA7974BC2B232F6C0020C3E5 /* note.swift */,
				DA7974932B2319750020C3E5 /* ContentView.swift */,
				DA7974952B2319760020C3E5 /* Assets.xcassets */,
				DA7974972B2319760020C3E5 /* api_test.entitlements */,
				DA7974982B2319760020C3E5 /* Preview Content */,
			);
			path = api_test;
			sourceTree = "<group>";
		};
		DA7974982B2319760020C3E5 /* Preview Content */ = {
			isa = PBXGroup;
			children = (
				DA7974992B2319760020C3E5 /* Preview Assets.xcassets */,
			);
			path = "Preview Content";
			sourceTree = "<group>";
		};
		DA7974A22B2319760020C3E5 /* api_testTests */ = {
			isa = PBXGroup;
			children = (
				DA7974A32B2319760020C3E5 /* api_testTests.swift */,
			);
			path = api_testTests;
			sourceTree = "<group>";
		};
		DA7974AC2B2319760020C3E5 /* api_testUITests */ = {
			isa = PBXGroup;
			children = (
				DA7974AD2B2319760020C3E5 /* api_testUITests.swift */,
				DA7974AF2B2319760020C3E5 /* api_testUITestsLaunchTests.swift */,
			);
			path = api_testUITests;
			sourceTree = "<group>";
		};
/* End PBXGroup section */

/* Begin PBXNativeTarget section */
		DA79748D2B2319750020C3E5 /* api_test */ = {
			isa = PBXNativeTarget;
			buildConfigurationList = DA7974B32B2319760020C3E5 /* Build configuration list for PBXNativeTarget "api_test" */;
			buildPhases = (
				DA79748A2B2319750020C3E5 /* Sources */,
				DA79748B2B2319750020C3E5 /* Frameworks */,
				DA79748C2B2319750020C3E5 /* Resources */,
			);
			buildRules = (
			);
			dependencies = (
			);
			name = api_test;
			productName = api_test;
			productReference = DA79748E2B2319750020C3E5 /* api_test.app */;
			productType = "com.apple.product-type.application";
		};
		DA79749E2B2319760020C3E5 /* api_testTests */ = {
			isa = PBXNativeTarget;
			buildConfigurationList = DA7974B62B2319760020C3E5 /* Build configuration list for PBXNativeTarget "api_testTests" */;
			buildPhases = (
				DA79749B2B2319760020C3E5 /* Sources */,
				DA79749C2B2319760020C3E5 /* Frameworks */,
				DA79749D2B2319760020C3E5 /* Resources */,
			);
			buildRules = (
			);
			dependencies = (
				DA7974A12B2319760020C3E5 /* PBXTargetDependency */,
			);
			name = api_testTests;
			productName = api_testTests;
			productReference = DA79749F2B2319760020C3E5 /* api_testTests.xctest */;
			productType = "com.apple.product-type.bundle.unit-test";
		};
		DA7974A82B2319760020C3E5 /* api_testUITests */ = {
			isa = PBXNativeTarget;
			buildConfigurationList = DA7974B92B2319760020C3E5 /* Build configuration list for PBXNativeTarget "api_testUITests" */;
			buildPhases = (
				DA7974A52B2319760020C3E5 /* Sources */,
				DA7974A62B2319760020C3E5 /* Frameworks */,
				DA7974A72B2319760020C3E5 /* Resources */,
			);
			buildRules = (
			);
			dependencies = (
				DA7974AB2B2319760020C3E5 /* PBXTargetDependency */,
			);
			name = api_testUITests;
			productName = api_testUITests;
			productReference = DA7974A92B2319760020C3E5 /* api_testUITests.xctest */;
			productType = "com.apple.product-type.bundle.ui-testing";
		};
/* End PBXNativeTarget section */

/* Begin PBXProject section */
		DA7974862B2319750020C3E5 /* Project object */ = {
			isa = PBXProject;
			attributes = {
				BuildIndependentTargetsInParallel = 1;
				LastSwiftUpdateCheck = 1500;
				LastUpgradeCheck = 1500;
				TargetAttributes = {
					DA79748D2B2319750020C3E5 = {
						CreatedOnToolsVersion = 15.0.1;
					};
					DA79749E2B2319760020C3E5 = {
						CreatedOnToolsVersion = 15.0.1;
						TestTargetID = DA79748D2B2319750020C3E5;
					};
					DA7974A82B2319760020C3E5 = {
						CreatedOnToolsVersion = 15.0.1;
						TestTargetID = DA79748D2B2319750020C3E5;
					};
				};
			};
			buildConfigurationList = DA7974892B2319750020C3E5 /* Build configuration list for PBXProject "api_test" */;
			compatibilityVersion = "Xcode 14.0";
			developmentRegion = en;
			hasScannedForEncodings = 0;
			knownRegions = (
				en,
				Base,
			);
			mainGroup = DA7974852B2319750020C3E5;
			productRefGroup = DA79748F2B2319750020C3E5 /* Products */;
			projectDirPath = "";
			projectRoot = "";
			targets = (
				DA79748D2B2319750020C3E5 /* api_test */,
				DA79749E2B2319760020C3E5 /* api_testTests */,
				DA7974A82B2319760020C3E5 /* api_testUITests */,
			);
		};
/* End PBXProject section */

/* Begin PBXResourcesBuildPhase section */
		DA79748C2B2319750020C3E5 /* Resources */ = {
			isa = PBXResourcesBuildPhase;
			buildActionMask = 2147483647;
			files = (
				DA79749A2B2319760020C3E5 /* Preview Assets.xcassets in Resources */,
				DA7974962B2319760020C3E5 /* Assets.xcassets in Resources */,
			);
			runOnlyForDeploymentPostprocessing = 0;
		};
		DA79749D2B2319760020C3E5 /* Resources */ = {
			isa = PBXResourcesBuildPhase;
			buildActionMask = 2147483647;
			files = (
			);
			runOnlyForDeploymentPostprocessing = 0;
		};
		DA7974A72B2319760020C3E5 /* Resources */ = {
			isa = PBXResourcesBuildPhase;
			buildActionMask = 2147483647;
			files = (
			);
			runOnlyForDeploymentPostprocessing = 0;
		};
/* End PBXResourcesBuildPhase section */

/* Begin PBXSourcesBuildPhase section */
		DA79748A2B2319750020C3E5 /* Sources */ = {
			isa = PBXSourcesBuildPhase;
			buildActionMask = 2147483647;
			files = (
				DA7974942B2319750020C3E5 /* ContentView.swift in Sources */,
				DA7974BD2B232F6C0020C3E5 /* note.swift in Sources */,
				DA7974922B2319750020C3E5 /* api_testApp.swift in Sources */,
			);
			runOnlyForDeploymentPostprocessing = 0;
		};
		DA79749B2B2319760020C3E5 /* Sources */ = {
			isa = PBXSourcesBuildPhase;
			buildActionMask = 2147483647;
			files = (
				DA7974A42B2319760020C3E5 /* api_testTests.swift in Sources */,
			);
			runOnlyForDeploymentPostprocessing = 0;
		};
		DA7974A52B2319760020C3E5 /* Sources */ = {
			isa = PBXSourcesBuildPhase;
			buildActionMask = 2147483647;
			files = (
				DA7974B02B2319760020C3E5 /* api_testUITestsLaunchTests.swift in Sources */,
				DA7974AE2B2319760020C3E5 /* api_testUITests.swift in Sources */,
			);
			runOnlyForDeploymentPostprocessing = 0;
		};
/* End PBXSourcesBuildPhase section */

/* Begin PBXTargetDependency section */
		DA7974A12B2319760020C3E5 /* PBXTargetDependency */ = {
			isa = PBXTargetDependency;
			target = DA79748D2B2319750020C3E5 /* api_test */;
			targetProxy = DA7974A02B2319760020C3E5 /* PBXContainerItemProxy */;
		};
		DA7974AB2B2319760020C3E5 /* PBXTargetDependency */ = {
			isa = PBXTargetDependency;
			target = DA79748D2B2319750020C3E5 /* api_test */;
			targetProxy = DA7974AA2B2319760020C3E5 /* PBXContainerItemProxy */;
		};
/* End PBXTargetDependency section */

/* Begin XCBuildConfiguration section */
		DA7974B12B2319760020C3E5 /* Debug */ = {
			isa = XCBuildConfiguration;
			buildSettings = {
				ALWAYS_SEARCH_USER_PATHS = NO;
				ASSETCATALOG_COMPILER_GENERATE_SWIFT_ASSET_SYMBOL_EXTENSIONS = YES;
				CLANG_ANALYZER_NONNULL = YES;
				CLANG_ANALYZER_NUMBER_OBJECT_CONVERSION = YES_AGGRESSIVE;
				CLANG_CXX_LANGUAGE_STANDARD = "gnu++20";
				CLANG_ENABLE_MODULES = YES;
				CLANG_ENABLE_OBJC_ARC = YES;
				CLANG_ENABLE_OBJC_WEAK = YES;
				CLANG_WARN_BLOCK_CAPTURE_AUTORELEASING = YES;
				CLANG_WARN_BOOL_CONVERSION = YES;
				CLANG_WARN_COMMA = YES;
				CLANG_WARN_CONSTANT_CONVERSION = YES;
				CLANG_WARN_DEPRECATED_OBJC_IMPLEMENTATIONS = YES;
				CLANG_WARN_DIRECT_OBJC_ISA_USAGE = YES_ERROR;
				CLANG_WARN_DOCUMENTATION_COMMENTS = YES;
				CLANG_WARN_EMPTY_BODY = YES;
				CLANG_WARN_ENUM_CONVERSION = YES;
				CLANG_WARN_INFINITE_RECURSION = YES;
				CLANG_WARN_INT_CONVERSION = YES;
				CLANG_WARN_NON_LITERAL_NULL_CONVERSION = YES;
				CLANG_WARN_OBJC_IMPLICIT_RETAIN_SELF = YES;
				CLANG_WARN_OBJC_LITERAL_CONVERSION = YES;
				CLANG_WARN_OBJC_ROOT_CLASS = YES_ERROR;
				CLANG_WARN_QUOTED_INCLUDE_IN_FRAMEWORK_HEADER = YES;
				CLANG_WARN_RANGE_LOOP_ANALYSIS = YES;
				CLANG_WARN_STRICT_PROTOTYPES = YES;
				CLANG_WARN_SUSPICIOUS_MOVE = YES;
				CLANG_WARN_UNGUARDED_AVAILABILITY = YES_AGGRESSIVE;
				CLANG_WARN_UNREACHABLE_CODE = YES;
				CLANG_WARN__DUPLICATE_METHOD_MATCH = YES;
				COPY_PHASE_STRIP = NO;
				DEBUG_INFORMATION_FORMAT = dwarf;
				ENABLE_STRICT_OBJC_MSGSEND = YES;
				ENABLE_TESTABILITY = YES;
				ENABLE_USER_SCRIPT_SANDBOXING = YES;
				GCC_C_LANGUAGE_STANDARD = gnu17;
				GCC_DYNAMIC_NO_PIC = NO;
				GCC_NO_COMMON_BLOCKS = YES;
				GCC_OPTIMIZATION_LEVEL = 0;
				GCC_PREPROCESSOR_DEFINITIONS = (
					"DEBUG=1",
					"$(inherited)",
				);
				GCC_WARN_64_TO_32_BIT_CONVERSION = YES;
				GCC_WARN_ABOUT_RETURN_TYPE = YES_ERROR;
				GCC_WARN_UNDECLARED_SELECTOR = YES;
				GCC_WARN_UNINITIALIZED_AUTOS = YES_AGGRESSIVE;
				GCC_WARN_UNUSED_FUNCTION = YES;
				GCC_WARN_UNUSED_VARIABLE = YES;
				LOCALIZATION_PREFERS_STRING_CATALOGS = YES;
				MTL_ENABLE_DEBUG_INFO = INCLUDE_SOURCE;
				MTL_FAST_MATH = YES;
				ONLY_ACTIVE_ARCH = YES;
				SWIFT_ACTIVE_COMPILATION_CONDITIONS = "DEBUG $(inherited)";
				SWIFT_OPTIMIZATION_LEVEL = "-Onone";
			};
			name = Debug;
		};
		DA7974B22B2319760020C3E5 /* Release */ = {
			isa = XCBuildConfiguration;
			buildSettings = {
				ALWAYS_SEARCH_USER_PATHS = NO;
				ASSETCATALOG_COMPILER_GENERATE_SWIFT_ASSET_SYMBOL_EXTENSIONS = YES;
				CLANG_ANALYZER_NONNULL = YES;
				CLANG_ANALYZER_NUMBER_OBJECT_CONVERSION = YES_AGGRESSIVE;
				CLANG_CXX_LANGUAGE_STANDARD = "gnu++20";
				CLANG_ENABLE_MODULES = YES;
				CLANG_ENABLE_OBJC_ARC = YES;
				CLANG_ENABLE_OBJC_WEAK = YES;
				CLANG_WARN_BLOCK_CAPTURE_AUTORELEASING = YES;
				CLANG_WARN_BOOL_CONVERSION = YES;
				CLANG_WARN_COMMA = YES;
				CLANG_WARN_CONSTANT_CONVERSION = YES;
				CLANG_WARN_DEPRECATED_OBJC_IMPLEMENTATIONS = YES;
				CLANG_WARN_DIRECT_OBJC_ISA_USAGE = YES_ERROR;
				CLANG_WARN_DOCUMENTATION_COMMENTS = YES;
				CLANG_WARN_EMPTY_BODY = YES;
				CLANG_WARN_ENUM_CONVERSION = YES;
				CLANG_WARN_INFINITE_RECURSION = YES;
				CLANG_WARN_INT_CONVERSION = YES;
				CLANG_WARN_NON_LITERAL_NULL_CONVERSION = YES;
				CLANG_WARN_OBJC_IMPLICIT_RETAIN_SELF = YES;
				CLANG_WARN_OBJC_LITERAL_CONVERSION = YES;
				CLANG_WARN_OBJC_ROOT_CLASS = YES_ERROR;
				CLANG_WARN_QUOTED_INCLUDE_IN_FRAMEWORK_HEADER = YES;
				CLANG_WARN_RANGE_LOOP_ANALYSIS = YES;
				CLANG_WARN_STRICT_PROTOTYPES = YES;
				CLANG_WARN_SUSPICIOUS_MOVE = YES;
				CLANG_WARN_UNGUARDED_AVAILABILITY = YES_AGGRESSIVE;
				CLANG_WARN_UNREACHABLE_CODE = YES;
				CLANG_WARN__DUPLICATE_METHOD_MATCH = YES;
				COPY_PHASE_STRIP = NO;
				DEBUG_INFORMATION_FORMAT = "dwarf-with-dsym";
				ENABLE_NS_ASSERTIONS = NO;
				ENABLE_STRICT_OBJC_MSGSEND = YES;
				ENABLE_USER_SCRIPT_SANDBOXING = YES;
				GCC_C_LANGUAGE_STANDARD = gnu17;
				GCC_NO_COMMON_BLOCKS = YES;
				GCC_WARN_64_TO_32_BIT_CONVERSION = YES;
				GCC_WARN_ABOUT_RETURN_TYPE = YES_ERROR;
				GCC_WARN_UNDECLARED_SELECTOR = YES;
				GCC_WARN_UNINITIALIZED_AUTOS = YES_AGGRESSIVE;
				GCC_WARN_UNUSED_FUNCTION = YES;
				GCC_WARN_UNUSED_VARIABLE = YES;
				LOCALIZATION_PREFERS_STRING_CATALOGS = YES;
				MTL_ENABLE_DEBUG_INFO = NO;
				MTL_FAST_MATH = YES;
				SWIFT_COMPILATION_MODE = wholemodule;
			};
			name = Release;
		};
		DA7974B42B2319760020C3E5 /* Debug */ = {
			isa = XCBuildConfiguration;
			buildSettings = {
				ASSETCATALOG_COMPILER_APPICON_NAME = AppIcon;
				ASSETCATALOG_COMPILER_GLOBAL_ACCENT_COLOR_NAME = AccentColor;
				CODE_SIGN_ENTITLEMENTS = api_test/api_test.entitlements;
				CODE_SIGN_STYLE = Automatic;
				CURRENT_PROJECT_VERSION = 1;
				DEVELOPMENT_ASSET_PATHS = "\"api_test/Preview Content\"";
				ENABLE_PREVIEWS = YES;
				GENERATE_INFOPLIST_FILE = YES;
				"INFOPLIST_KEY_UIApplicationSceneManifest_Generation[sdk=iphoneos*]" = YES;
				"INFOPLIST_KEY_UIApplicationSceneManifest_Generation[sdk=iphonesimulator*]" = YES;
				"INFOPLIST_KEY_UIApplicationSupportsIndirectInputEvents[sdk=iphoneos*]" = YES;
				"INFOPLIST_KEY_UIApplicationSupportsIndirectInputEvents[sdk=iphonesimulator*]" = YES;
				"INFOPLIST_KEY_UILaunchScreen_Generation[sdk=iphoneos*]" = YES;
				"INFOPLIST_KEY_UILaunchScreen_Generation[sdk=iphonesimulator*]" = YES;
				"INFOPLIST_KEY_UIStatusBarStyle[sdk=iphoneos*]" = UIStatusBarStyleDefault;
				"INFOPLIST_KEY_UIStatusBarStyle[sdk=iphonesimulator*]" = UIStatusBarStyleDefault;
				INFOPLIST_KEY_UISupportedInterfaceOrientations_iPad = "UIInterfaceOrientationPortrait UIInterfaceOrientationPortraitUpsideDown UIInterfaceOrientationLandscapeLeft UIInterfaceOrientationLandscapeRight";
				INFOPLIST_KEY_UISupportedInterfaceOrientations_iPhone = "UIInterfaceOrientationPortrait UIInterfaceOrientationLandscapeLeft UIInterfaceOrientationLandscapeRight";
				IPHONEOS_DEPLOYMENT_TARGET = 17.0;
				LD_RUNPATH_SEARCH_PATHS = "@executable_path/Frameworks";
				"LD_RUNPATH_SEARCH_PATHS[sdk=macosx*]" = "@executable_path/../Frameworks";
				MACOSX_DEPLOYMENT_TARGET = 14.0;
				MARKETING_VERSION = 1.0;
				PRODUCT_BUNDLE_IDENTIFIER = "hisameroid.api-test";
				PRODUCT_NAME = "$(TARGET_NAME)";
				SDKROOT = auto;
				SUPPORTED_PLATFORMS = "iphoneos iphonesimulator macosx";
				SWIFT_EMIT_LOC_STRINGS = YES;
				SWIFT_VERSION = 5.0;
				TARGETED_DEVICE_FAMILY = "1,2";
			};
			name = Debug;
		};
		DA7974B52B2319760020C3E5 /* Release */ = {
			isa = XCBuildConfiguration;
			buildSettings = {
				ASSETCATALOG_COMPILER_APPICON_NAME = AppIcon;
				ASSETCATALOG_COMPILER_GLOBAL_ACCENT_COLOR_NAME = AccentColor;
				CODE_SIGN_ENTITLEMENTS = api_test/api_test.entitlements;
				CODE_SIGN_STYLE = Automatic;
				CURRENT_PROJECT_VERSION = 1;
				DEVELOPMENT_ASSET_PATHS = "\"api_test/Preview Content\"";
				ENABLE_PREVIEWS = YES;
				GENERATE_INFOPLIST_FILE = YES;
				"INFOPLIST_KEY_UIApplicationSceneManifest_Generation[sdk=iphoneos*]" = YES;
				"INFOPLIST_KEY_UIApplicationSceneManifest_Generation[sdk=iphonesimulator*]" = YES;
				"INFOPLIST_KEY_UIApplicationSupportsIndirectInputEvents[sdk=iphoneos*]" = YES;
				"INFOPLIST_KEY_UIApplicationSupportsIndirectInputEvents[sdk=iphonesimulator*]" = YES;
				"INFOPLIST_KEY_UILaunchScreen_Generation[sdk=iphoneos*]" = YES;
				"INFOPLIST_KEY_UILaunchScreen_Generation[sdk=iphonesimulator*]" = YES;
				"INFOPLIST_KEY_UIStatusBarStyle[sdk=iphoneos*]" = UIStatusBarStyleDefault;
				"INFOPLIST_KEY_UIStatusBarStyle[sdk=iphonesimulator*]" = UIStatusBarStyleDefault;
				INFOPLIST_KEY_UISupportedInterfaceOrientations_iPad = "UIInterfaceOrientationPortrait UIInterfaceOrientationPortraitUpsideDown UIInterfaceOrientationLandscapeLeft UIInterfaceOrientationLandscapeRight";
				INFOPLIST_KEY_UISupportedInterfaceOrientations_iPhone = "UIInterfaceOrientationPortrait UIInterfaceOrientationLandscapeLeft UIInterfaceOrientationLandscapeRight";
				IPHONEOS_DEPLOYMENT_TARGET = 17.0;
				LD_RUNPATH_SEARCH_PATHS = "@executable_path/Frameworks";
				"LD_RUNPATH_SEARCH_PATHS[sdk=macosx*]" = "@executable_path/../Frameworks";
				MACOSX_DEPLOYMENT_TARGET = 14.0;
				MARKETING_VERSION = 1.0;
				PRODUCT_BUNDLE_IDENTIFIER = "hisameroid.api-test";
				PRODUCT_NAME = "$(TARGET_NAME)";
				SDKROOT = auto;
				SUPPORTED_PLATFORMS = "iphoneos iphonesimulator macosx";
				SWIFT_EMIT_LOC_STRINGS = YES;
				SWIFT_VERSION = 5.0;
				TARGETED_DEVICE_FAMILY = "1,2";
			};
			name = Release;
		};
		DA7974B72B2319760020C3E5 /* Debug */ = {
			isa = XCBuildConfiguration;
			buildSettings = {
				ALWAYS_EMBED_SWIFT_STANDARD_LIBRARIES = YES;
				BUNDLE_LOADER = "$(TEST_HOST)";
				CODE_SIGN_STYLE = Automatic;
				CURRENT_PROJECT_VERSION = 1;
				GENERATE_INFOPLIST_FILE = YES;
				IPHONEOS_DEPLOYMENT_TARGET = 17.0;
				MACOSX_DEPLOYMENT_TARGET = 14.0;
				MARKETING_VERSION = 1.0;
				PRODUCT_BUNDLE_IDENTIFIER = "hisameroid.api-testTests";
				PRODUCT_NAME = "$(TARGET_NAME)";
				SDKROOT = auto;
				SUPPORTED_PLATFORMS = "iphoneos iphonesimulator macosx";
				SWIFT_EMIT_LOC_STRINGS = NO;
				SWIFT_VERSION = 5.0;
				TARGETED_DEVICE_FAMILY = "1,2";
				TEST_HOST = "$(BUILT_PRODUCTS_DIR)/api_test.app/$(BUNDLE_EXECUTABLE_FOLDER_PATH)/api_test";
			};
			name = Debug;
		};
		DA7974B82B2319760020C3E5 /* Release */ = {
			isa = XCBuildConfiguration;
			buildSettings = {
				ALWAYS_EMBED_SWIFT_STANDARD_LIBRARIES = YES;
				BUNDLE_LOADER = "$(TEST_HOST)";
				CODE_SIGN_STYLE = Automatic;
				CURRENT_PROJECT_VERSION = 1;
				GENERATE_INFOPLIST_FILE = YES;
				IPHONEOS_DEPLOYMENT_TARGET = 17.0;
				MACOSX_DEPLOYMENT_TARGET = 14.0;
				MARKETING_VERSION = 1.0;
				PRODUCT_BUNDLE_IDENTIFIER = "hisameroid.api-testTests";
				PRODUCT_NAME = "$(TARGET_NAME)";
				SDKROOT = auto;
				SUPPORTED_PLATFORMS = "iphoneos iphonesimulator macosx";
				SWIFT_EMIT_LOC_STRINGS = NO;
				SWIFT_VERSION = 5.0;
				TARGETED_DEVICE_FAMILY = "1,2";
				TEST_HOST = "$(BUILT_PRODUCTS_DIR)/api_test.app/$(BUNDLE_EXECUTABLE_FOLDER_PATH)/api_test";
			};
			name = Release;
		};
		DA7974BA2B2319760020C3E5 /* Debug */ = {
			isa = XCBuildConfiguration;
			buildSettings = {
				ALWAYS_EMBED_SWIFT_STANDARD_LIBRARIES = YES;
				CODE_SIGN_STYLE = Automatic;
				CURRENT_PROJECT_VERSION = 1;
				GENERATE_INFOPLIST_FILE = YES;
				IPHONEOS_DEPLOYMENT_TARGET = 17.0;
				MACOSX_DEPLOYMENT_TARGET = 14.0;
				MARKETING_VERSION = 1.0;
				PRODUCT_BUNDLE_IDENTIFIER = "hisameroid.api-testUITests";
				PRODUCT_NAME = "$(TARGET_NAME)";
				SDKROOT = auto;
				SUPPORTED_PLATFORMS = "iphoneos iphonesimulator macosx";
				SWIFT_EMIT_LOC_STRINGS = NO;
				SWIFT_VERSION = 5.0;
				TARGETED_DEVICE_FAMILY = "1,2";
				TEST_TARGET_NAME = api_test;
			};
			name = Debug;
		};
		DA7974BB2B2319760020C3E5 /* Release */ = {
			isa = XCBuildConfiguration;
			buildSettings = {
				ALWAYS_EMBED_SWIFT_STANDARD_LIBRARIES = YES;
				CODE_SIGN_STYLE = Automatic;
				CURRENT_PROJECT_VERSION = 1;
				GENERATE_INFOPLIST_FILE = YES;
				IPHONEOS_DEPLOYMENT_TARGET = 17.0;
				MACOSX_DEPLOYMENT_TARGET = 14.0;
				MARKETING_VERSION = 1.0;
				PRODUCT_BUNDLE_IDENTIFIER = "hisameroid.api-testUITests";
				PRODUCT_NAME = "$(TARGET_NAME)";
				SDKROOT = auto;
				SUPPORTED_PLATFORMS = "iphoneos iphonesimulator macosx";
				SWIFT_EMIT_LOC_STRINGS = NO;
				SWIFT_VERSION = 5.0;
				TARGETED_DEVICE_FAMILY = "1,2";
				TEST_TARGET_NAME = api_test;
			};
			name = Release;
		};
/* End XCBuildConfiguration section */

/* Begin XCConfigurationList section */
		DA7974892B2319750020C3E5 /* Build configuration list for PBXProject "api_test" */ = {
			isa = XCConfigurationList;
			buildConfigurations = (
				DA7974B12B2319760020C3E5 /* Debug */,
				DA7974B22B2319760020C3E5 /* Release */,
			);
			defaultConfigurationIsVisible = 0;
			defaultConfigurationName = Release;
		};
		DA7974B32B2319760020C3E5 /* Build configuration list for PBXNativeTarget "api_test" */ = {
			isa = XCConfigurationList;
			buildConfigurations = (
				DA7974B42B2319760020C3E5 /* Debug */,
				DA7974B52B2319760020C3E5 /* Release */,
			);
			defaultConfigurationIsVisible = 0;
			defaultConfigurationName = Release;
		};
		DA7974B62B2319760020C3E5 /* Build configuration list for PBXNativeTarget "api_testTests" */ = {
			isa = XCConfigurationList;
			buildConfigurations = (
				DA7974B72B2319760020C3E5 /* Debug */,
				DA7974B82B2319760020C3E5 /* Release */,
			);
			defaultConfigurationIsVisible = 0;
			defaultConfigurationName = Release;
		};
		DA7974B92B2319760020C3E5 /* Build configuration list for PBXNativeTarget "api_testUITests" */ = {
			isa = XCConfigurationList;
			buildConfigurations = (
				DA7974BA2B2319760020C3E5 /* Debug */,
				DA7974BB2B2319760020C3E5 /* Release */,
			);
			defaultConfigurationIsVisible = 0;
			defaultConfigurationName = Release;
		};
/* End XCConfigurationList section */
	};
	rootObject = DA7974862B2319750020C3E5 /* Project object */;
}
